
Microsoft Visual Studio Solution File, Format Version 11.00
# Visual Studio 2010
Project("{8BC9CEB8-8B4A-11D0-8D11-00A0C91BC942}") = "2023.9.2", "2023.9.2\2023.9.2.vcxproj", "{BD4A71C6-29E5-4E0F-BCC4-9CA2FDC8D603}"
EndProject
Global
	GlobalSection(SolutionConfigurationPlatforms) = preSolution
		Debug|Win32 = Debug|Win32
		Release|Win32 = Release|Win32
	EndGlobalSection
	GlobalSection(ProjectConfigurationPlatforms) = postSolution
		{BD4A71C6-29E5-4E0F-BCC4-9CA2FDC8D603}.Debug|Win32.ActiveCfg = Debug|Win32
		{BD4A71C6-29E5-4E0F-BCC4-9CA2FDC8D603}.Debug|Win32.Build.0 = Debug|Win32
		{BD4A71C6-29E5-4E0F-BCC4-9CA2FDC8D603}.Release|Win32.ActiveCfg = Release|Win32
		{BD4A71C6-29E5-4E0F-BCC4-9CA2FDC8D603}.Release|Win32.Build.0 = Release|Win32
	EndGlobalSection
	GlobalSection(SolutionProperties) = preSolution
		HideSolutionNode = FALSE
	EndGlobalSection
EndGlobal
